// !$*UTF8*$!
{
	archiveVersion = 1;
	classes = {
	};
	objectVersion = 50;
	objects = {

/* Begin PBXBuildFile section */
		334E5B768701D178F0EB15B5 /* libPods-FruitCounter.a in Frameworks */ = {isa = PBXBuildFile; fileRef = DE09996346A25D79AA979DD7 /* libPods-FruitCounter.a */; };
		9D4DD3CC24E72E6500B84065 /* FruitLogViewModel.swift in Sources */ = {isa = PBXBuildFile; fileRef = 9D4DD3CB24E72E6500B84065 /* FruitLogViewModel.swift */; };
		9D4DD3D024E7318A00B84065 /* DetailView.swift in Sources */ = {isa = PBXBuildFile; fileRef = 9D4DD3CF24E7318A00B84065 /* DetailView.swift */; };
		9D4DD3D224E732CC00B84065 /* Date+LocalizedShort.swift in Sources */ = {isa = PBXBuildFile; fileRef = 9D4DD3D124E732CC00B84065 /* Date+LocalizedShort.swift */; };
		9D4DD3D424E738B300B84065 /* MutableFruitLog.swift in Sources */ = {isa = PBXBuildFile; fileRef = 9D4DD3D324E738B300B84065 /* MutableFruitLog.swift */; };
		9D4DD3D624E743AC00B84065 /* RatingButtons.swift in Sources */ = {isa = PBXBuildFile; fileRef = 9D4DD3D524E743AC00B84065 /* RatingButtons.swift */; };
		9D4DD3D824E7452C00B84065 /* RatingButtonsViewModel.swift in Sources */ = {isa = PBXBuildFile; fileRef = 9D4DD3D724E7452C00B84065 /* RatingButtonsViewModel.swift */; };
		9DC4A0AC24F05E5400EF4037 /* EmojiColorThief.swift in Sources */ = {isa = PBXBuildFile; fileRef = 9DC4A0AB24F05E5400EF4037 /* EmojiColorThief.swift */; };
		9DC4A0AE24F065FE00EF4037 /* EnvironmentValues+EmojiPalette.swift in Sources */ = {isa = PBXBuildFile; fileRef = 9DC4A0AD24F065FE00EF4037 /* EnvironmentValues+EmojiPalette.swift */; };
		9DDEB98024CB7FDA00BD77C8 /* MainView.swift in Sources */ = {isa = PBXBuildFile; fileRef = 9DDEB97F24CB7FDA00BD77C8 /* MainView.swift */; };
		9DECFBC824AF768900FFEE87 /* AppDelegate.swift in Sources */ = {isa = PBXBuildFile; fileRef = 9DECFBC724AF768900FFEE87 /* AppDelegate.swift */; };
		9DECFBCA24AF768900FFEE87 /* SceneDelegate.swift in Sources */ = {isa = PBXBuildFile; fileRef = 9DECFBC924AF768900FFEE87 /* SceneDelegate.swift */; };
		9DECFBCE24AF768A00FFEE87 /* Assets.xcassets in Resources */ = {isa = PBXBuildFile; fileRef = 9DECFBCD24AF768A00FFEE87 /* Assets.xcassets */; };
		9DECFBD124AF768A00FFEE87 /* Preview Assets.xcassets in Resources */ = {isa = PBXBuildFile; fileRef = 9DECFBD024AF768A00FFEE87 /* Preview Assets.xcassets */; };
		9DECFBD424AF768A00FFEE87 /* LaunchScreen.storyboard in Resources */ = {isa = PBXBuildFile; fileRef = 9DECFBD224AF768A00FFEE87 /* LaunchScreen.storyboard */; };
		9DECFBDC24AF790900FFEE87 /* CounterView.swift in Sources */ = {isa = PBXBuildFile; fileRef = 9DECFBDB24AF790900FFEE87 /* CounterView.swift */; };
		9DECFBDF24AF7B7100FFEE87 /* FruitLog.swift in Sources */ = {isa = PBXBuildFile; fileRef = 9DECFBDE24AF7B7100FFEE87 /* FruitLog.swift */; };
		9DECFBE224AF7BBC00FFEE87 /* LogBook.swift in Sources */ = {isa = PBXBuildFile; fileRef = 9DECFBE124AF7BBC00FFEE87 /* LogBook.swift */; };
		9DECFBE424AF7C6600FFEE87 /* Fruit.swift in Sources */ = {isa = PBXBuildFile; fileRef = 9DECFBE324AF7C6600FFEE87 /* Fruit.swift */; };
		9DECFBE624AF7D3300FFEE87 /* Rating.swift in Sources */ = {isa = PBXBuildFile; fileRef = 9DECFBE524AF7D3300FFEE87 /* Rating.swift */; };
		9DECFBE824AF817800FFEE87 /* CounterViewModel.swift in Sources */ = {isa = PBXBuildFile; fileRef = 9DECFBE724AF817800FFEE87 /* CounterViewModel.swift */; };
		9DECFBEA24AF89C500FFEE87 /* CounterButtonFactory.swift in Sources */ = {isa = PBXBuildFile; fileRef = 9DECFBE924AF89C500FFEE87 /* CounterButtonFactory.swift */; };
		9DECFBEC24AF8A0600FFEE87 /* CounterButtonViewModel.swift in Sources */ = {isa = PBXBuildFile; fileRef = 9DECFBEB24AF8A0600FFEE87 /* CounterButtonViewModel.swift */; };
		9DECFBEF24AF8DC500FFEE87 /* Font+AppStyle.swift in Sources */ = {isa = PBXBuildFile; fileRef = 9DECFBEE24AF8DC500FFEE87 /* Font+AppStyle.swift */; };
		9DECFBF124AF944800FFEE87 /* LogCoordinator.swift in Sources */ = {isa = PBXBuildFile; fileRef = 9DECFBF024AF944800FFEE87 /* LogCoordinator.swift */; };
		9DECFBF424AF947200FFEE87 /* DataCoordinator.swift in Sources */ = {isa = PBXBuildFile; fileRef = 9DECFBF324AF947200FFEE87 /* DataCoordinator.swift */; };
		9DECFBF824B5091300FFEE87 /* DataLoadPublisher.swift in Sources */ = {isa = PBXBuildFile; fileRef = 9DECFBF724B5091300FFEE87 /* DataLoadPublisher.swift */; };
		9DECFBFA24C22DA100FFEE87 /* EmojiCounterView.swift in Sources */ = {isa = PBXBuildFile; fileRef = 9DECFBF924C22DA100FFEE87 /* EmojiCounterView.swift */; };
		9DECFBFC24C22E6A00FFEE87 /* HorizontalCounterButtonView.swift in Sources */ = {isa = PBXBuildFile; fileRef = 9DECFBFB24C22E6A00FFEE87 /* HorizontalCounterButtonView.swift */; };
		9DECFBFE24C2302E00FFEE87 /* FruitLogListView.swift in Sources */ = {isa = PBXBuildFile; fileRef = 9DECFBFD24C2302E00FFEE87 /* FruitLogListView.swift */; };
		9DECFC0124C2305E00FFEE87 /* FruitLogListViewModel.swift in Sources */ = {isa = PBXBuildFile; fileRef = 9DECFC0024C2305E00FFEE87 /* FruitLogListViewModel.swift */; };
		9DECFC0324C230F800FFEE87 /* FruitLogView.swift in Sources */ = {isa = PBXBuildFile; fileRef = 9DECFC0224C230F800FFEE87 /* FruitLogView.swift */; };
/* End PBXBuildFile section */

/* Begin PBXFileReference section */
		2D27168CB1FCCEA00ACBB9E9 /* Pods-FruitCounter.release.xcconfig */ = {isa = PBXFileReference; includeInIndex = 1; lastKnownFileType = text.xcconfig; name = "Pods-FruitCounter.release.xcconfig"; path = "Target Support Files/Pods-FruitCounter/Pods-FruitCounter.release.xcconfig"; sourceTree = "<group>"; };
		693FEFB357DD1AA0021DA6F3 /* Pods-FruitCounter.debug.xcconfig */ = {isa = PBXFileReference; includeInIndex = 1; lastKnownFileType = text.xcconfig; name = "Pods-FruitCounter.debug.xcconfig"; path = "Target Support Files/Pods-FruitCounter/Pods-FruitCounter.debug.xcconfig"; sourceTree = "<group>"; };
		9D4DD3CB24E72E6500B84065 /* FruitLogViewModel.swift */ = {isa = PBXFileReference; lastKnownFileType = sourcecode.swift; path = FruitLogViewModel.swift; sourceTree = "<group>"; };
		9D4DD3CF24E7318A00B84065 /* DetailView.swift */ = {isa = PBXFileReference; lastKnownFileType = sourcecode.swift; path = DetailView.swift; sourceTree = "<group>"; };
		9D4DD3D124E732CC00B84065 /* Date+LocalizedShort.swift */ = {isa = PBXFileReference; lastKnownFileType = sourcecode.swift; path = "Date+LocalizedShort.swift"; sourceTree = "<group>"; };
		9D4DD3D324E738B300B84065 /* MutableFruitLog.swift */ = {isa = PBXFileReference; lastKnownFileType = sourcecode.swift; path = MutableFruitLog.swift; sourceTree = "<group>"; };
		9D4DD3D524E743AC00B84065 /* RatingButtons.swift */ = {isa = PBXFileReference; lastKnownFileType = sourcecode.swift; path = RatingButtons.swift; sourceTree = "<group>"; };
		9D4DD3D724E7452C00B84065 /* RatingButtonsViewModel.swift */ = {isa = PBXFileReference; lastKnownFileType = sourcecode.swift; path = RatingButtonsViewModel.swift; sourceTree = "<group>"; };
		9DC4A0AB24F05E5400EF4037 /* EmojiColorThief.swift */ = {isa = PBXFileReference; lastKnownFileType = sourcecode.swift; path = EmojiColorThief.swift; sourceTree = "<group>"; };
		9DC4A0AD24F065FE00EF4037 /* EnvironmentValues+EmojiPalette.swift */ = {isa = PBXFileReference; lastKnownFileType = sourcecode.swift; path = "EnvironmentValues+EmojiPalette.swift"; sourceTree = "<group>"; };
		9DDEB97F24CB7FDA00BD77C8 /* MainView.swift */ = {isa = PBXFileReference; lastKnownFileType = sourcecode.swift; path = MainView.swift; sourceTree = "<group>"; };
		9DECFBC424AF768900FFEE87 /* FruitCounter.app */ = {isa = PBXFileReference; explicitFileType = wrapper.application; includeInIndex = 0; path = FruitCounter.app; sourceTree = BUILT_PRODUCTS_DIR; };
		9DECFBC724AF768900FFEE87 /* AppDelegate.swift */ = {isa = PBXFileReference; lastKnownFileType = sourcecode.swift; path = AppDelegate.swift; sourceTree = "<group>"; };
		9DECFBC924AF768900FFEE87 /* SceneDelegate.swift */ = {isa = PBXFileReference; lastKnownFileType = sourcecode.swift; path = SceneDelegate.swift; sourceTree = "<group>"; };
		9DECFBCD24AF768A00FFEE87 /* Assets.xcassets */ = {isa = PBXFileReference; lastKnownFileType = folder.assetcatalog; path = Assets.xcassets; sourceTree = "<group>"; };
		9DECFBD024AF768A00FFEE87 /* Preview Assets.xcassets */ = {isa = PBXFileReference; lastKnownFileType = folder.assetcatalog; path = "Preview Assets.xcassets"; sourceTree = "<group>"; };
		9DECFBD324AF768A00FFEE87 /* Base */ = {isa = PBXFileReference; lastKnownFileType = file.storyboard; name = Base; path = Base.lproj/LaunchScreen.storyboard; sourceTree = "<group>"; };
		9DECFBD524AF768A00FFEE87 /* Info.plist */ = {isa = PBXFileReference; lastKnownFileType = text.plist.xml; path = Info.plist; sourceTree = "<group>"; };
		9DECFBDB24AF790900FFEE87 /* CounterView.swift */ = {isa = PBXFileReference; lastKnownFileType = sourcecode.swift; path = CounterView.swift; sourceTree = "<group>"; };
		9DECFBDE24AF7B7100FFEE87 /* FruitLog.swift */ = {isa = PBXFileReference; lastKnownFileType = sourcecode.swift; path = FruitLog.swift; sourceTree = "<group>"; };
		9DECFBE124AF7BBC00FFEE87 /* LogBook.swift */ = {isa = PBXFileReference; lastKnownFileType = sourcecode.swift; path = LogBook.swift; sourceTree = "<group>"; };
		9DECFBE324AF7C6600FFEE87 /* Fruit.swift */ = {isa = PBXFileReference; lastKnownFileType = sourcecode.swift; path = Fruit.swift; sourceTree = "<group>"; };
		9DECFBE524AF7D3300FFEE87 /* Rating.swift */ = {isa = PBXFileReference; lastKnownFileType = sourcecode.swift; path = Rating.swift; sourceTree = "<group>"; };
		9DECFBE724AF817800FFEE87 /* CounterViewModel.swift */ = {isa = PBXFileReference; lastKnownFileType = sourcecode.swift; path = CounterViewModel.swift; sourceTree = "<group>"; };
		9DECFBE924AF89C500FFEE87 /* CounterButtonFactory.swift */ = {isa = PBXFileReference; lastKnownFileType = sourcecode.swift; path = CounterButtonFactory.swift; sourceTree = "<group>"; };
		9DECFBEB24AF8A0600FFEE87 /* CounterButtonViewModel.swift */ = {isa = PBXFileReference; lastKnownFileType = sourcecode.swift; path = CounterButtonViewModel.swift; sourceTree = "<group>"; };
		9DECFBEE24AF8DC500FFEE87 /* Font+AppStyle.swift */ = {isa = PBXFileReference; lastKnownFileType = sourcecode.swift; path = "Font+AppStyle.swift"; sourceTree = "<group>"; };
		9DECFBF024AF944800FFEE87 /* LogCoordinator.swift */ = {isa = PBXFileReference; lastKnownFileType = sourcecode.swift; path = LogCoordinator.swift; sourceTree = "<group>"; };
		9DECFBF324AF947200FFEE87 /* DataCoordinator.swift */ = {isa = PBXFileReference; lastKnownFileType = sourcecode.swift; path = DataCoordinator.swift; sourceTree = "<group>"; };
		9DECFBF724B5091300FFEE87 /* DataLoadPublisher.swift */ = {isa = PBXFileReference; lastKnownFileType = sourcecode.swift; path = DataLoadPublisher.swift; sourceTree = "<group>"; };
		9DECFBF924C22DA100FFEE87 /* EmojiCounterView.swift */ = {isa = PBXFileReference; lastKnownFileType = sourcecode.swift; path = EmojiCounterView.swift; sourceTree = "<group>"; };
		9DECFBFB24C22E6A00FFEE87 /* HorizontalCounterButtonView.swift */ = {isa = PBXFileReference; lastKnownFileType = sourcecode.swift; path = HorizontalCounterButtonView.swift; sourceTree = "<group>"; };
		9DECFBFD24C2302E00FFEE87 /* FruitLogListView.swift */ = {isa = PBXFileReference; lastKnownFileType = sourcecode.swift; path = FruitLogListView.swift; sourceTree = "<group>"; };
		9DECFC0024C2305E00FFEE87 /* FruitLogListViewModel.swift */ = {isa = PBXFileReference; lastKnownFileType = sourcecode.swift; path = FruitLogListViewModel.swift; sourceTree = "<group>"; };
		9DECFC0224C230F800FFEE87 /* FruitLogView.swift */ = {isa = PBXFileReference; lastKnownFileType = sourcecode.swift; path = FruitLogView.swift; sourceTree = "<group>"; };
		DE09996346A25D79AA979DD7 /* libPods-FruitCounter.a */ = {isa = PBXFileReference; explicitFileType = archive.ar; includeInIndex = 0; path = "libPods-FruitCounter.a"; sourceTree = BUILT_PRODUCTS_DIR; };
/* End PBXFileReference section */

/* Begin PBXFrameworksBuildPhase section */
		9DECFBC124AF768900FFEE87 /* Frameworks */ = {
			isa = PBXFrameworksBuildPhase;
			buildActionMask = 2147483647;
			files = (
				334E5B768701D178F0EB15B5 /* libPods-FruitCounter.a in Frameworks */,
			);
			runOnlyForDeploymentPostprocessing = 0;
		};
/* End PBXFrameworksBuildPhase section */

/* Begin PBXGroup section */
		150A0F9A9F549AF0580F6AE5 /* Pods */ = {
			isa = PBXGroup;
			children = (
				693FEFB357DD1AA0021DA6F3 /* Pods-FruitCounter.debug.xcconfig */,
				2D27168CB1FCCEA00ACBB9E9 /* Pods-FruitCounter.release.xcconfig */,
			);
			path = Pods;
			sourceTree = "<group>";
		};
		2BE26A2D5436E78E15B5A534 /* Frameworks */ = {
			isa = PBXGroup;
			children = (
				DE09996346A25D79AA979DD7 /* libPods-FruitCounter.a */,
			);
			name = Frameworks;
			sourceTree = "<group>";
		};
		9DECFBBB24AF768900FFEE87 = {
			isa = PBXGroup;
			children = (
				9DECFBC624AF768900FFEE87 /* FruitCounter */,
				9DECFBC524AF768900FFEE87 /* Products */,
				150A0F9A9F549AF0580F6AE5 /* Pods */,
				2BE26A2D5436E78E15B5A534 /* Frameworks */,
			);
			sourceTree = "<group>";
		};
		9DECFBC524AF768900FFEE87 /* Products */ = {
			isa = PBXGroup;
			children = (
				9DECFBC424AF768900FFEE87 /* FruitCounter.app */,
			);
			name = Products;
			sourceTree = "<group>";
		};
		9DECFBC624AF768900FFEE87 /* FruitCounter */ = {
			isa = PBXGroup;
			children = (
				9DECFBC724AF768900FFEE87 /* AppDelegate.swift */,
				9DECFBC924AF768900FFEE87 /* SceneDelegate.swift */,
				9DECFBEE24AF8DC500FFEE87 /* Font+AppStyle.swift */,
				9D4DD3D124E732CC00B84065 /* Date+LocalizedShort.swift */,
				9DC4A0AB24F05E5400EF4037 /* EmojiColorThief.swift */,
				9DC4A0AD24F065FE00EF4037 /* EnvironmentValues+EmojiPalette.swift */,
				9DECFBF224AF944E00FFEE87 /* Coordinators */,
				9DECFBE024AF7BAA00FFEE87 /* Models */,
				9DECFBDD24AF7B4300FFEE87 /* Views */,
				9DECFBCD24AF768A00FFEE87 /* Assets.xcassets */,
				9DECFBD224AF768A00FFEE87 /* LaunchScreen.storyboard */,
				9DECFBD524AF768A00FFEE87 /* Info.plist */,
				9DECFBCF24AF768A00FFEE87 /* Preview Content */,
			);
			path = FruitCounter;
			sourceTree = "<group>";
		};
		9DECFBCF24AF768A00FFEE87 /* Preview Content */ = {
			isa = PBXGroup;
			children = (
				9DECFBD024AF768A00FFEE87 /* Preview Assets.xcassets */,
			);
			path = "Preview Content";
			sourceTree = "<group>";
		};
		9DECFBDD24AF7B4300FFEE87 /* Views */ = {
			isa = PBXGroup;
			children = (
				9DDEB97F24CB7FDA00BD77C8 /* MainView.swift */,
				9D4DD3CF24E7318A00B84065 /* DetailView.swift */,
				9D4DD3D524E743AC00B84065 /* RatingButtons.swift */,
				9D4DD3D724E7452C00B84065 /* RatingButtonsViewModel.swift */,
				9DECFBFF24C2303500FFEE87 /* ListView */,
				9DECFBED24AF8D9F00FFEE87 /* CounterView */,
			);
			path = Views;
			sourceTree = "<group>";
		};
		9DECFBE024AF7BAA00FFEE87 /* Models */ = {
			isa = PBXGroup;
			children = (
				9DECFBE524AF7D3300FFEE87 /* Rating.swift */,
				9DECFBE324AF7C6600FFEE87 /* Fruit.swift */,
				9DECFBDE24AF7B7100FFEE87 /* FruitLog.swift */,
				9D4DD3D324E738B300B84065 /* MutableFruitLog.swift */,
				9DECFBE124AF7BBC00FFEE87 /* LogBook.swift */,
			);
			path = Models;
			sourceTree = "<group>";
		};
		9DECFBED24AF8D9F00FFEE87 /* CounterView */ = {
			isa = PBXGroup;
			children = (
				9DECFBE724AF817800FFEE87 /* CounterViewModel.swift */,
				9DECFBE924AF89C500FFEE87 /* CounterButtonFactory.swift */,
				9DECFBEB24AF8A0600FFEE87 /* CounterButtonViewModel.swift */,
				9DECFBDB24AF790900FFEE87 /* CounterView.swift */,
				9DECFBF924C22DA100FFEE87 /* EmojiCounterView.swift */,
				9DECFBFB24C22E6A00FFEE87 /* HorizontalCounterButtonView.swift */,
			);
			path = CounterView;
			sourceTree = "<group>";
		};
		9DECFBF224AF944E00FFEE87 /* Coordinators */ = {
			isa = PBXGroup;
			children = (
				9DECFBF024AF944800FFEE87 /* LogCoordinator.swift */,
				9DECFBF324AF947200FFEE87 /* DataCoordinator.swift */,
				9DECFBF724B5091300FFEE87 /* DataLoadPublisher.swift */,
			);
			path = Coordinators;
			sourceTree = "<group>";
		};
		9DECFBFF24C2303500FFEE87 /* ListView */ = {
			isa = PBXGroup;
			children = (
				9DECFC0024C2305E00FFEE87 /* FruitLogListViewModel.swift */,
				9D4DD3CB24E72E6500B84065 /* FruitLogViewModel.swift */,
				9DECFC0224C230F800FFEE87 /* FruitLogView.swift */,
				9DECFBFD24C2302E00FFEE87 /* FruitLogListView.swift */,
			);
			path = ListView;
			sourceTree = "<group>";
		};
/* End PBXGroup section */

/* Begin PBXNativeTarget section */
		9DECFBC324AF768900FFEE87 /* FruitCounter */ = {
			isa = PBXNativeTarget;
			buildConfigurationList = 9DECFBD824AF768A00FFEE87 /* Build configuration list for PBXNativeTarget "FruitCounter" */;
			buildPhases = (
				FCFBE0B43C107CD7B17968F3 /* [CP] Check Pods Manifest.lock */,
				9DECFBC024AF768900FFEE87 /* Sources */,
				9DECFBC124AF768900FFEE87 /* Frameworks */,
				9DECFBC224AF768900FFEE87 /* Resources */,
			);
			buildRules = (
			);
			dependencies = (
			);
			name = FruitCounter;
			productName = FruitCounter;
			productReference = 9DECFBC424AF768900FFEE87 /* FruitCounter.app */;
			productType = "com.apple.product-type.application";
		};
/* End PBXNativeTarget section */

/* Begin PBXProject section */
		9DECFBBC24AF768900FFEE87 /* Project object */ = {
			isa = PBXProject;
			attributes = {
				LastSwiftUpdateCheck = 1130;
				LastUpgradeCheck = 1130;
				ORGANIZATIONNAME = "Ken Krzeminski";
				TargetAttributes = {
					9DECFBC324AF768900FFEE87 = {
						CreatedOnToolsVersion = 11.3.1;
					};
				};
			};
			buildConfigurationList = 9DECFBBF24AF768900FFEE87 /* Build configuration list for PBXProject "FruitCounter" */;
			compatibilityVersion = "Xcode 9.3";
			developmentRegion = en;
			hasScannedForEncodings = 0;
			knownRegions = (
				en,
				Base,
			);
			mainGroup = 9DECFBBB24AF768900FFEE87;
			productRefGroup = 9DECFBC524AF768900FFEE87 /* Products */;
			projectDirPath = "";
			projectRoot = "";
			targets = (
				9DECFBC324AF768900FFEE87 /* FruitCounter */,
			);
		};
/* End PBXProject section */

/* Begin PBXResourcesBuildPhase section */
		9DECFBC224AF768900FFEE87 /* Resources */ = {
			isa = PBXResourcesBuildPhase;
			buildActionMask = 2147483647;
			files = (
				9DECFBD424AF768A00FFEE87 /* LaunchScreen.storyboard in Resources */,
				9DECFBD124AF768A00FFEE87 /* Preview Assets.xcassets in Resources */,
				9DECFBCE24AF768A00FFEE87 /* Assets.xcassets in Resources */,
			);
			runOnlyForDeploymentPostprocessing = 0;
		};
/* End PBXResourcesBuildPhase section */

/* Begin PBXShellScriptBuildPhase section */
		FCFBE0B43C107CD7B17968F3 /* [CP] Check Pods Manifest.lock */ = {
			isa = PBXShellScriptBuildPhase;
			buildActionMask = 2147483647;
			files = (
			);
			inputFileListPaths = (
			);
			inputPaths = (
				"${PODS_PODFILE_DIR_PATH}/Podfile.lock",
				"${PODS_ROOT}/Manifest.lock",
			);
			name = "[CP] Check Pods Manifest.lock";
			outputFileListPaths = (
			);
			outputPaths = (
				"$(DERIVED_FILE_DIR)/Pods-FruitCounter-checkManifestLockResult.txt",
			);
			runOnlyForDeploymentPostprocessing = 0;
			shellPath = /bin/sh;
			shellScript = "diff \"${PODS_PODFILE_DIR_PATH}/Podfile.lock\" \"${PODS_ROOT}/Manifest.lock\" > /dev/null\nif [ $? != 0 ] ; then\n    # print error to STDERR\n    echo \"error: The sandbox is not in sync with the Podfile.lock. Run 'pod install' or update your CocoaPods installation.\" >&2\n    exit 1\nfi\n# This output is used by Xcode 'outputs' to avoid re-running this script phase.\necho \"SUCCESS\" > \"${SCRIPT_OUTPUT_FILE_0}\"\n";
			showEnvVarsInLog = 0;
		};
/* End PBXShellScriptBuildPhase section */

/* Begin PBXSourcesBuildPhase section */
		9DECFBC024AF768900FFEE87 /* Sources */ = {
			isa = PBXSourcesBuildPhase;
			buildActionMask = 2147483647;
			files = (
				9DECFC0324C230F800FFEE87 /* FruitLogView.swift in Sources */,
				9DDEB98024CB7FDA00BD77C8 /* MainView.swift in Sources */,
				9DECFBE424AF7C6600FFEE87 /* Fruit.swift in Sources */,
				9DECFBE224AF7BBC00FFEE87 /* LogBook.swift in Sources */,
				9D4DD3CC24E72E6500B84065 /* FruitLogViewModel.swift in Sources */,
				9D4DD3D024E7318A00B84065 /* DetailView.swift in Sources */,
				9DC4A0AE24F065FE00EF4037 /* EnvironmentValues+EmojiPalette.swift in Sources */,
				9D4DD3D424E738B300B84065 /* MutableFruitLog.swift in Sources */,
				9DECFC0124C2305E00FFEE87 /* FruitLogListViewModel.swift in Sources */,
				9DECFBFE24C2302E00FFEE87 /* FruitLogListView.swift in Sources */,
				9D4DD3D824E7452C00B84065 /* RatingButtonsViewModel.swift in Sources */,
				9DC4A0AC24F05E5400EF4037 /* EmojiColorThief.swift in Sources */,
				9D4DD3D224E732CC00B84065 /* Date+LocalizedShort.swift in Sources */,
				9DECFBC824AF768900FFEE87 /* AppDelegate.swift in Sources */,
				9DECFBFC24C22E6A00FFEE87 /* HorizontalCounterButtonView.swift in Sources */,
				9DECFBDF24AF7B7100FFEE87 /* FruitLog.swift in Sources */,
				9DECFBCA24AF768900FFEE87 /* SceneDelegate.swift in Sources */,
				9DECFBEC24AF8A0600FFEE87 /* CounterButtonViewModel.swift in Sources */,
				9DECFBE824AF817800FFEE87 /* CounterViewModel.swift in Sources */,
				9DECFBDC24AF790900FFEE87 /* CounterView.swift in Sources */,
				9DECFBFA24C22DA100FFEE87 /* EmojiCounterView.swift in Sources */,
				9DECFBEA24AF89C500FFEE87 /* CounterButtonFactory.swift in Sources */,
				9DECFBF124AF944800FFEE87 /* LogCoordinator.swift in Sources */,
				9DECFBEF24AF8DC500FFEE87 /* Font+AppStyle.swift in Sources */,
				9DECFBE624AF7D3300FFEE87 /* Rating.swift in Sources */,
				9DECFBF824B5091300FFEE87 /* DataLoadPublisher.swift in Sources */,
				9D4DD3D624E743AC00B84065 /* RatingButtons.swift in Sources */,
				9DECFBF424AF947200FFEE87 /* DataCoordinator.swift in Sources */,
			);
			runOnlyForDeploymentPostprocessing = 0;
		};
/* End PBXSourcesBuildPhase section */

/* Begin PBXVariantGroup section */
		9DECFBD224AF768A00FFEE87 /* LaunchScreen.storyboard */ = {
			isa = PBXVariantGroup;
			children = (
				9DECFBD324AF768A00FFEE87 /* Base */,
			);
			name = LaunchScreen.storyboard;
			sourceTree = "<group>";
		};
/* End PBXVariantGroup section */

/* Begin XCBuildConfiguration section */
		9DECFBD624AF768A00FFEE87 /* Debug */ = {
			isa = XCBuildConfiguration;
			buildSettings = {
				ALWAYS_SEARCH_USER_PATHS = NO;
				CLANG_ANALYZER_NONNULL = YES;
				CLANG_ANALYZER_NUMBER_OBJECT_CONVERSION = YES_AGGRESSIVE;
				CLANG_CXX_LANGUAGE_STANDARD = "gnu++14";
				CLANG_CXX_LIBRARY = "libc++";
				CLANG_ENABLE_MODULES = YES;
				CLANG_ENABLE_OBJC_ARC = YES;
				CLANG_ENABLE_OBJC_WEAK = YES;
				CLANG_WARN_BLOCK_CAPTURE_AUTORELEASING = YES;
				CLANG_WARN_BOOL_CONVERSION = YES;
				CLANG_WARN_COMMA = YES;
				CLANG_WARN_CONSTANT_CONVERSION = YES;
				CLANG_WARN_DEPRECATED_OBJC_IMPLEMENTATIONS = YES;
				CLANG_WARN_DIRECT_OBJC_ISA_USAGE = YES_ERROR;
				CLANG_WARN_DOCUMENTATION_COMMENTS = YES;
				CLANG_WARN_EMPTY_BODY = YES;
				CLANG_WARN_ENUM_CONVERSION = YES;
				CLANG_WARN_INFINITE_RECURSION = YES;
				CLANG_WARN_INT_CONVERSION = YES;
				CLANG_WARN_NON_LITERAL_NULL_CONVERSION = YES;
				CLANG_WARN_OBJC_IMPLICIT_RETAIN_SELF = YES;
				CLANG_WARN_OBJC_LITERAL_CONVERSION = YES;
				CLANG_WARN_OBJC_ROOT_CLASS = YES_ERROR;
				CLANG_WARN_RANGE_LOOP_ANALYSIS = YES;
				CLANG_WARN_STRICT_PROTOTYPES = YES;
				CLANG_WARN_SUSPICIOUS_MOVE = YES;
				CLANG_WARN_UNGUARDED_AVAILABILITY = YES_AGGRESSIVE;
				CLANG_WARN_UNREACHABLE_CODE = YES;
				CLANG_WARN__DUPLICATE_METHOD_MATCH = YES;
				COPY_PHASE_STRIP = NO;
				DEBUG_INFORMATION_FORMAT = dwarf;
				ENABLE_STRICT_OBJC_MSGSEND = YES;
				ENABLE_TESTABILITY = YES;
				GCC_C_LANGUAGE_STANDARD = gnu11;
				GCC_DYNAMIC_NO_PIC = NO;
				GCC_NO_COMMON_BLOCKS = YES;
				GCC_OPTIMIZATION_LEVEL = 0;
				GCC_PREPROCESSOR_DEFINITIONS = (
					"DEBUG=1",
					"$(inherited)",
				);
				GCC_WARN_64_TO_32_BIT_CONVERSION = YES;
				GCC_WARN_ABOUT_RETURN_TYPE = YES_ERROR;
				GCC_WARN_UNDECLARED_SELECTOR = YES;
				GCC_WARN_UNINITIALIZED_AUTOS = YES_AGGRESSIVE;
				GCC_WARN_UNUSED_FUNCTION = YES;
				GCC_WARN_UNUSED_VARIABLE = YES;
				IPHONEOS_DEPLOYMENT_TARGET = 13.2;
				MTL_ENABLE_DEBUG_INFO = INCLUDE_SOURCE;
				MTL_FAST_MATH = YES;
				ONLY_ACTIVE_ARCH = YES;
				SDKROOT = iphoneos;
				SWIFT_ACTIVE_COMPILATION_CONDITIONS = DEBUG;
				SWIFT_OPTIMIZATION_LEVEL = "-Onone";
			};
			name = Debug;
		};
		9DECFBD724AF768A00FFEE87 /* Release */ = {
			isa = XCBuildConfiguration;
			buildSettings = {
				ALWAYS_SEARCH_USER_PATHS = NO;
				CLANG_ANALYZER_NONNULL = YES;
				CLANG_ANALYZER_NUMBER_OBJECT_CONVERSION = YES_AGGRESSIVE;
				CLANG_CXX_LANGUAGE_STANDARD = "gnu++14";
				CLANG_CXX_LIBRARY = "libc++";
				CLANG_ENABLE_MODULES = YES;
				CLANG_ENABLE_OBJC_ARC = YES;
				CLANG_ENABLE_OBJC_WEAK = YES;
				CLANG_WARN_BLOCK_CAPTURE_AUTORELEASING = YES;
				CLANG_WARN_BOOL_CONVERSION = YES;
				CLANG_WARN_COMMA = YES;
				CLANG_WARN_CONSTANT_CONVERSION = YES;
				CLANG_WARN_DEPRECATED_OBJC_IMPLEMENTATIONS = YES;
				CLANG_WARN_DIRECT_OBJC_ISA_USAGE = YES_ERROR;
				CLANG_WARN_DOCUMENTATION_COMMENTS = YES;
				CLANG_WARN_EMPTY_BODY = YES;
				CLANG_WARN_ENUM_CONVERSION = YES;
				CLANG_WARN_INFINITE_RECURSION = YES;
				CLANG_WARN_INT_CONVERSION = YES;
				CLANG_WARN_NON_LITERAL_NULL_CONVERSION = YES;
				CLANG_WARN_OBJC_IMPLICIT_RETAIN_SELF = YES;
				CLANG_WARN_OBJC_LITERAL_CONVERSION = YES;
				CLANG_WARN_OBJC_ROOT_CLASS = YES_ERROR;
				CLANG_WARN_RANGE_LOOP_ANALYSIS = YES;
				CLANG_WARN_STRICT_PROTOTYPES = YES;
				CLANG_WARN_SUSPICIOUS_MOVE = YES;
				CLANG_WARN_UNGUARDED_AVAILABILITY = YES_AGGRESSIVE;
				CLANG_WARN_UNREACHABLE_CODE = YES;
				CLANG_WARN__DUPLICATE_METHOD_MATCH = YES;
				COPY_PHASE_STRIP = NO;
				DEBUG_INFORMATION_FORMAT = "dwarf-with-dsym";
				ENABLE_NS_ASSERTIONS = NO;
				ENABLE_STRICT_OBJC_MSGSEND = YES;
				GCC_C_LANGUAGE_STANDARD = gnu11;
				GCC_NO_COMMON_BLOCKS = YES;
				GCC_WARN_64_TO_32_BIT_CONVERSION = YES;
				GCC_WARN_ABOUT_RETURN_TYPE = YES_ERROR;
				GCC_WARN_UNDECLARED_SELECTOR = YES;
				GCC_WARN_UNINITIALIZED_AUTOS = YES_AGGRESSIVE;
				GCC_WARN_UNUSED_FUNCTION = YES;
				GCC_WARN_UNUSED_VARIABLE = YES;
				IPHONEOS_DEPLOYMENT_TARGET = 13.2;
				MTL_ENABLE_DEBUG_INFO = NO;
				MTL_FAST_MATH = YES;
				SDKROOT = iphoneos;
				SWIFT_COMPILATION_MODE = wholemodule;
				SWIFT_OPTIMIZATION_LEVEL = "-O";
				VALIDATE_PRODUCT = YES;
			};
			name = Release;
		};
		9DECFBD924AF768A00FFEE87 /* Debug */ = {
			isa = XCBuildConfiguration;
			baseConfigurationReference = 693FEFB357DD1AA0021DA6F3 /* Pods-FruitCounter.debug.xcconfig */;
			buildSettings = {
				ASSETCATALOG_COMPILER_APPICON_NAME = AppIcon;
				CODE_SIGN_STYLE = Automatic;
				DEVELOPMENT_ASSET_PATHS = "\"FruitCounter/Preview Content\"";
				DEVELOPMENT_TEAM = 434ZJX8NP2;
				ENABLE_PREVIEWS = YES;
				INFOPLIST_FILE = FruitCounter/Info.plist;
				LD_RUNPATH_SEARCH_PATHS = (
					"$(inherited)",
					"@executable_path/Frameworks",
				);
				PRODUCT_BUNDLE_IDENTIFIER = krze.FruitCounter;
				PRODUCT_NAME = "$(TARGET_NAME)";
				SWIFT_VERSION = 5.0;
				TARGETED_DEVICE_FAMILY = "1,2";
			};
			name = Debug;
		};
		9DECFBDA24AF768A00FFEE87 /* Release */ = {
			isa = XCBuildConfiguration;
			baseConfigurationReference = 2D27168CB1FCCEA00ACBB9E9 /* Pods-FruitCounter.release.xcconfig */;
			buildSettings = {
				ASSETCATALOG_COMPILER_APPICON_NAME = AppIcon;
				CODE_SIGN_STYLE = Automatic;
				DEVELOPMENT_ASSET_PATHS = "\"FruitCounter/Preview Content\"";
				DEVELOPMENT_TEAM = 434ZJX8NP2;
				ENABLE_PREVIEWS = YES;
				INFOPLIST_FILE = FruitCounter/Info.plist;
				LD_RUNPATH_SEARCH_PATHS = (
					"$(inherited)",
					"@executable_path/Frameworks",
				);
				PRODUCT_BUNDLE_IDENTIFIER = krze.FruitCounter;
				PRODUCT_NAME = "$(TARGET_NAME)";
				SWIFT_VERSION = 5.0;
				TARGETED_DEVICE_FAMILY = "1,2";
			};
			name = Release;
		};
/* End XCBuildConfiguration section */

/* Begin XCConfigurationList section */
		9DECFBBF24AF768900FFEE87 /* Build configuration list for PBXProject "FruitCounter" */ = {
			isa = XCConfigurationList;
			buildConfigurations = (
				9DECFBD624AF768A00FFEE87 /* Debug */,
				9DECFBD724AF768A00FFEE87 /* Release */,
			);
			defaultConfigurationIsVisible = 0;
			defaultConfigurationName = Release;
		};
		9DECFBD824AF768A00FFEE87 /* Build configuration list for PBXNativeTarget "FruitCounter" */ = {
			isa = XCConfigurationList;
			buildConfigurations = (
				9DECFBD924AF768A00FFEE87 /* Debug */,
				9DECFBDA24AF768A00FFEE87 /* Release */,
			);
			defaultConfigurationIsVisible = 0;
			defaultConfigurationName = Release;
		};
/* End XCConfigurationList section */
	};
	rootObject = 9DECFBBC24AF768900FFEE87 /* Project object */;
}
